# This file is generated by running "yarn install" inside your project.
# Manual changes might be lost - proceed with caution!

__metadata:
  version: 6

"arpitbhalla@workspace:.":
  version: 0.0.0-use.local
  resolution: "arpitbhalla@workspace:."
  bin:
    arpitbhalla: ./bin/arpitbhalla
  languageName: unknown
  linkType: soft
